
Microsoft Visual Studio Solution File, Format Version 12.00
# Visual Studio Version 17
VisualStudioVersion = 17.14.37111.16 d17.14
MinimumVisualStudioVersion = 10.0.40219.1
Project("{FAE04EC0-301F-11D3-BF4B-00C04F79EFBC}") = "CountryWebAPI", "CountryWebAPI.csproj", "{AA755797-9479-4F47-8316-B9481F0DD6BB}"
EndProject
Global
	GlobalSection(SolutionConfigurationPlatforms) = preSolution
		Debug|Any CPU = Debug|Any CPU
		Release|Any CPU = Release|Any CPU
	EndGlobalSection
	GlobalSection(ProjectConfigurationPlatforms) = postSolution
		{AA755797-9479-4F47-8316-B9481F0DD6BB}.Debug|Any CPU.ActiveCfg = Debug|Any CPU
		{AA755797-9479-4F47-8316-B9481F0DD6BB}.Debug|Any CPU.Build.0 = Debug|Any CPU
		{AA755797-9479-4F47-8316-B9481F0DD6BB}.Release|Any CPU.ActiveCfg = Release|Any CPU
		{AA755797-9479-4F47-8316-B9481F0DD6BB}.Release|Any CPU.Build.0 = Release|Any CPU
	EndGlobalSection
	GlobalSection(SolutionProperties) = preSolution
		HideSolutionNode = FALSE
	EndGlobalSection
	GlobalSection(ExtensibilityGlobals) = postSolution
		SolutionGuid = {958AE18C-DFF0-4B77-AA16-074219DA1FA4}
	EndGlobalSection
EndGlobal
