
Microsoft Visual Studio Solution File, Format Version 12.00
# Visual Studio Version 17
VisualStudioVersion = 17.14.37111.16 d17.14
MinimumVisualStudioVersion = 10.0.40219.1
Project("{FAE04EC0-301F-11D3-BF4B-00C04F79EFBC}") = "CodeChallenges4", "CodeChallenges4.csproj", "{A65402DC-B31D-4E6A-B355-293505BF1486}"
EndProject
Project("{FAE04EC0-301F-11D3-BF4B-00C04F79EFBC}") = "ClassLibrary1", "..\ClassLibrary1\ClassLibrary1.csproj", "{3539FE5D-8235-4EC0-A50B-485A5BF42149}"
EndProject
Project("{FAE04EC0-301F-11D3-BF4B-00C04F79EFBC}") = "UnitTestProject1", "..\UnitTestProject1\UnitTestProject1.csproj", "{DAA971DB-8039-44D9-BA6D-DB6E1EB9BDA6}"
EndProject
Global
	GlobalSection(SolutionConfigurationPlatforms) = preSolution
		Debug|Any CPU = Debug|Any CPU
		Release|Any CPU = Release|Any CPU
	EndGlobalSection
	GlobalSection(ProjectConfigurationPlatforms) = postSolution
		{A65402DC-B31D-4E6A-B355-293505BF1486}.Debug|Any CPU.ActiveCfg = Debug|Any CPU
		{A65402DC-B31D-4E6A-B355-293505BF1486}.Debug|Any CPU.Build.0 = Debug|Any CPU
		{A65402DC-B31D-4E6A-B355-293505BF1486}.Release|Any CPU.ActiveCfg = Release|Any CPU
		{A65402DC-B31D-4E6A-B355-293505BF1486}.Release|Any CPU.Build.0 = Release|Any CPU
		{3539FE5D-8235-4EC0-A50B-485A5BF42149}.Debug|Any CPU.ActiveCfg = Debug|Any CPU
		{3539FE5D-8235-4EC0-A50B-485A5BF42149}.Debug|Any CPU.Build.0 = Debug|Any CPU
		{3539FE5D-8235-4EC0-A50B-485A5BF42149}.Release|Any CPU.ActiveCfg = Release|Any CPU
		{3539FE5D-8235-4EC0-A50B-485A5BF42149}.Release|Any CPU.Build.0 = Release|Any CPU
		{DAA971DB-8039-44D9-BA6D-DB6E1EB9BDA6}.Debug|Any CPU.ActiveCfg = Debug|Any CPU
		{DAA971DB-8039-44D9-BA6D-DB6E1EB9BDA6}.Debug|Any CPU.Build.0 = Debug|Any CPU
		{DAA971DB-8039-44D9-BA6D-DB6E1EB9BDA6}.Release|Any CPU.ActiveCfg = Release|Any CPU
		{DAA971DB-8039-44D9-BA6D-DB6E1EB9BDA6}.Release|Any CPU.Build.0 = Release|Any CPU
	EndGlobalSection
	GlobalSection(SolutionProperties) = preSolution
		HideSolutionNode = FALSE
	EndGlobalSection
	GlobalSection(ExtensibilityGlobals) = postSolution
		SolutionGuid = {969998A8-F79F-45BF-854F-42C67D3694CB}
	EndGlobalSection
EndGlobal
