
Microsoft Visual Studio Solution File, Format Version 12.00
# Visual Studio Version 17
VisualStudioVersion = 17.14.37111.16 d17.14
MinimumVisualStudioVersion = 10.0.40219.1
Project("{FAE04EC0-301F-11D3-BF4B-00C04F79EFBC}") = "Assignment1", "Assignment1.csproj", "{7D1F1D07-F699-4D25-BD18-268A10F74C16}"
EndProject
Project("{2150E333-8FDC-42A3-9474-1A3956D46DE8}") = "Solution Items", "Solution Items", "{8EC462FD-D22E-90A8-E5CE-7E832BA40C5D}"
	ProjectSection(SolutionItems) = preProject
		HTMLPage2.html = HTMLPage2.html
	EndProjectSection
EndProject
Global
	GlobalSection(SolutionConfigurationPlatforms) = preSolution
		Debug|Any CPU = Debug|Any CPU
		Release|Any CPU = Release|Any CPU
	EndGlobalSection
	GlobalSection(ProjectConfigurationPlatforms) = postSolution
		{7D1F1D07-F699-4D25-BD18-268A10F74C16}.Debug|Any CPU.ActiveCfg = Debug|Any CPU
		{7D1F1D07-F699-4D25-BD18-268A10F74C16}.Debug|Any CPU.Build.0 = Debug|Any CPU
		{7D1F1D07-F699-4D25-BD18-268A10F74C16}.Release|Any CPU.ActiveCfg = Release|Any CPU
		{7D1F1D07-F699-4D25-BD18-268A10F74C16}.Release|Any CPU.Build.0 = Release|Any CPU
	EndGlobalSection
	GlobalSection(SolutionProperties) = preSolution
		HideSolutionNode = FALSE
	EndGlobalSection
	GlobalSection(ExtensibilityGlobals) = postSolution
		SolutionGuid = {7355A9AE-1A04-4107-B949-0A43EE733D94}
	EndGlobalSection
EndGlobal
